
Microsoft Visual Studio Solution File, Format Version 12.00
Project("{FAE04EC0-301F-11D3-BF4B-00C04F79EFBC}") = "ChoboServer", "ChoboServer\ChoboServer.csproj", "{066D9977-FB38-401B-B47C-4401526B61E9}"
EndProject
Project("{2150E333-8FDC-42A3-9474-1A3956D46DE8}") = "Solution Items", "Solution Items", "{CF753E16-8A67-450D-AE4D-42BA3CA9F15F}"
	ProjectSection(SolutionItems) = preProject
		compose.yaml = compose.yaml
	EndProjectSection
EndProject
Global
	GlobalSection(SolutionConfigurationPlatforms) = preSolution
		Debug|Any CPU = Debug|Any CPU
		Release|Any CPU = Release|Any CPU
	EndGlobalSection
	GlobalSection(ProjectConfigurationPlatforms) = postSolution
		{066D9977-FB38-401B-B47C-4401526B61E9}.Debug|Any CPU.ActiveCfg = Debug|Any CPU
		{066D9977-FB38-401B-B47C-4401526B61E9}.Debug|Any CPU.Build.0 = Debug|Any CPU
		{066D9977-FB38-401B-B47C-4401526B61E9}.Release|Any CPU.ActiveCfg = Release|Any CPU
		{066D9977-FB38-401B-B47C-4401526B61E9}.Release|Any CPU.Build.0 = Release|Any CPU
	EndGlobalSection
EndGlobal
