
Microsoft Visual Studio Solution File, Format Version 12.00
Project("{FAE04EC0-301F-11D3-BF4B-00C04F79EFBC}") = "ChoboServer", "ChoboServer\ChoboServer.csproj", "{066D9977-FB38-401B-B47C-4401526B61E9}"
EndProject
Project("{2150E333-8FDC-42A3-9474-1A3956D46DE8}") = "Solution Items", "Solution Items", "{CF753E16-8A67-450D-AE4D-42BA3CA9F15F}"
	ProjectSection(SolutionItems) = preProject
		compose.yaml = compose.yaml
	EndProjectSection
EndProject
Project("{FAE04EC0-301F-11D3-BF4B-00C04F79EFBC}") = "Chobo.Contracts", "Chobo.Contracts\Chobo.Contracts.csproj", "{89A0B819-C068-451E-B65D-DC2244211DE9}"
EndProject
Project("{FAE04EC0-301F-11D3-BF4B-00C04F79EFBC}") = "ChoboCli", "ChoboCli\ChoboCli.csproj", "{D866EE35-3C3B-44A3-A9F7-95C0A1651BAD}"
EndProject
Project("{FAE04EC0-301F-11D3-BF4B-00C04F79EFBC}") = "Chobo.Tests", "Chobo.Tests\Chobo.Tests.csproj", "{7A32FB0C-B18F-4732-AE3D-5B5B3BA54F01}"
EndProject
Global
	GlobalSection(SolutionConfigurationPlatforms) = preSolution
		Debug|Any CPU = Debug|Any CPU
		Debug|x64 = Debug|x64
		Debug|x86 = Debug|x86
		Release|Any CPU = Release|Any CPU
		Release|x64 = Release|x64
		Release|x86 = Release|x86
	EndGlobalSection
	GlobalSection(ProjectConfigurationPlatforms) = postSolution
		{066D9977-FB38-401B-B47C-4401526B61E9}.Debug|Any CPU.ActiveCfg = Debug|Any CPU
		{066D9977-FB38-401B-B47C-4401526B61E9}.Debug|Any CPU.Build.0 = Debug|Any CPU
		{066D9977-FB38-401B-B47C-4401526B61E9}.Debug|x64.ActiveCfg = Debug|Any CPU
		{066D9977-FB38-401B-B47C-4401526B61E9}.Debug|x64.Build.0 = Debug|Any CPU
		{066D9977-FB38-401B-B47C-4401526B61E9}.Debug|x86.ActiveCfg = Debug|Any CPU
		{066D9977-FB38-401B-B47C-4401526B61E9}.Debug|x86.Build.0 = Debug|Any CPU
		{066D9977-FB38-401B-B47C-4401526B61E9}.Release|Any CPU.ActiveCfg = Release|Any CPU
		{066D9977-FB38-401B-B47C-4401526B61E9}.Release|Any CPU.Build.0 = Release|Any CPU
		{066D9977-FB38-401B-B47C-4401526B61E9}.Release|x64.ActiveCfg = Release|Any CPU
		{066D9977-FB38-401B-B47C-4401526B61E9}.Release|x64.Build.0 = Release|Any CPU
		{066D9977-FB38-401B-B47C-4401526B61E9}.Release|x86.ActiveCfg = Release|Any CPU
		{066D9977-FB38-401B-B47C-4401526B61E9}.Release|x86.Build.0 = Release|Any CPU
		{89A0B819-C068-451E-B65D-DC2244211DE9}.Debug|Any CPU.ActiveCfg = Debug|Any CPU
		{89A0B819-C068-451E-B65D-DC2244211DE9}.Debug|Any CPU.Build.0 = Debug|Any CPU
		{89A0B819-C068-451E-B65D-DC2244211DE9}.Debug|x64.ActiveCfg = Debug|Any CPU
		{89A0B819-C068-451E-B65D-DC2244211DE9}.Debug|x64.Build.0 = Debug|Any CPU
		{89A0B819-C068-451E-B65D-DC2244211DE9}.Debug|x86.ActiveCfg = Debug|Any CPU
		{89A0B819-C068-451E-B65D-DC2244211DE9}.Debug|x86.Build.0 = Debug|Any CPU
		{89A0B819-C068-451E-B65D-DC2244211DE9}.Release|Any CPU.ActiveCfg = Release|Any CPU
		{89A0B819-C068-451E-B65D-DC2244211DE9}.Release|Any CPU.Build.0 = Release|Any CPU
		{89A0B819-C068-451E-B65D-DC2244211DE9}.Release|x64.ActiveCfg = Release|Any CPU
		{89A0B819-C068-451E-B65D-DC2244211DE9}.Release|x64.Build.0 = Release|Any CPU
		{89A0B819-C068-451E-B65D-DC2244211DE9}.Release|x86.ActiveCfg = Release|Any CPU
		{89A0B819-C068-451E-B65D-DC2244211DE9}.Release|x86.Build.0 = Release|Any CPU
		{D866EE35-3C3B-44A3-A9F7-95C0A1651BAD}.Debug|Any CPU.ActiveCfg = Debug|Any CPU
		{D866EE35-3C3B-44A3-A9F7-95C0A1651BAD}.Debug|Any CPU.Build.0 = Debug|Any CPU
		{D866EE35-3C3B-44A3-A9F7-95C0A1651BAD}.Debug|x64.ActiveCfg = Debug|Any CPU
		{D866EE35-3C3B-44A3-A9F7-95C0A1651BAD}.Debug|x64.Build.0 = Debug|Any CPU
		{D866EE35-3C3B-44A3-A9F7-95C0A1651BAD}.Debug|x86.ActiveCfg = Debug|Any CPU
		{D866EE35-3C3B-44A3-A9F7-95C0A1651BAD}.Debug|x86.Build.0 = Debug|Any CPU
		{D866EE35-3C3B-44A3-A9F7-95C0A1651BAD}.Release|Any CPU.ActiveCfg = Release|Any CPU
		{D866EE35-3C3B-44A3-A9F7-95C0A1651BAD}.Release|Any CPU.Build.0 = Release|Any CPU
		{D866EE35-3C3B-44A3-A9F7-95C0A1651BAD}.Release|x64.ActiveCfg = Release|Any CPU
		{D866EE35-3C3B-44A3-A9F7-95C0A1651BAD}.Release|x64.Build.0 = Release|Any CPU
		{D866EE35-3C3B-44A3-A9F7-95C0A1651BAD}.Release|x86.ActiveCfg = Release|Any CPU
		{D866EE35-3C3B-44A3-A9F7-95C0A1651BAD}.Release|x86.Build.0 = Release|Any CPU
		{7A32FB0C-B18F-4732-AE3D-5B5B3BA54F01}.Debug|Any CPU.ActiveCfg = Debug|Any CPU
		{7A32FB0C-B18F-4732-AE3D-5B5B3BA54F01}.Debug|Any CPU.Build.0 = Debug|Any CPU
		{7A32FB0C-B18F-4732-AE3D-5B5B3BA54F01}.Debug|x64.ActiveCfg = Debug|Any CPU
		{7A32FB0C-B18F-4732-AE3D-5B5B3BA54F01}.Debug|x64.Build.0 = Debug|Any CPU
		{7A32FB0C-B18F-4732-AE3D-5B5B3BA54F01}.Debug|x86.ActiveCfg = Debug|Any CPU
		{7A32FB0C-B18F-4732-AE3D-5B5B3BA54F01}.Debug|x86.Build.0 = Debug|Any CPU
		{7A32FB0C-B18F-4732-AE3D-5B5B3BA54F01}.Release|Any CPU.ActiveCfg = Release|Any CPU
		{7A32FB0C-B18F-4732-AE3D-5B5B3BA54F01}.Release|Any CPU.Build.0 = Release|Any CPU
		{7A32FB0C-B18F-4732-AE3D-5B5B3BA54F01}.Release|x64.ActiveCfg = Release|Any CPU
		{7A32FB0C-B18F-4732-AE3D-5B5B3BA54F01}.Release|x64.Build.0 = Release|Any CPU
		{7A32FB0C-B18F-4732-AE3D-5B5B3BA54F01}.Release|x86.ActiveCfg = Release|Any CPU
		{7A32FB0C-B18F-4732-AE3D-5B5B3BA54F01}.Release|x86.Build.0 = Release|Any CPU
	EndGlobalSection
	GlobalSection(SolutionProperties) = preSolution
		HideSolutionNode = FALSE
	EndGlobalSection
EndGlobal
